// !$*UTF8*$!
{
	archiveVersion = 1;
	classes = {
	};
	objectVersion = 50;
	objects = {

/* Begin PBXBuildFile section */
		67B926BC20B7FE4B007DA238 /* LICENSE in Resources */ = {isa = PBXBuildFile; fileRef = 67B926BB20B7FE4B007DA238 /* LICENSE */; };
		67DB7F6920B156430095AA1E /* AppDelegate.swift in Sources */ = {isa = PBXBuildFile; fileRef = 67DB7F6820B156430095AA1E /* AppDelegate.swift */; };
		67DB7F6E20B156430095AA1E /* Main.storyboard in Resources */ = {isa = PBXBuildFile; fileRef = 67DB7F6C20B156430095AA1E /* Main.storyboard */; };
		67DB7F7020B156440095AA1E /* Assets.xcassets in Resources */ = {isa = PBXBuildFile; fileRef = 67DB7F6F20B156440095AA1E /* Assets.xcassets */; };
		67DB7F7320B156440095AA1E /* LaunchScreen.storyboard in Resources */ = {isa = PBXBuildFile; fileRef = 67DB7F7120B156440095AA1E /* LaunchScreen.storyboard */; };
		67DB7F7C20B156D70095AA1E /* NetManager.swift in Sources */ = {isa = PBXBuildFile; fileRef = 67DB7F7B20B156D70095AA1E /* NetManager.swift */; };
		67DB7F7E20B158A40095AA1E /* Definition.swift in Sources */ = {isa = PBXBuildFile; fileRef = 67DB7F7D20B158A40095AA1E /* Definition.swift */; };
		67DB7F8320B15FBA0095AA1E /* HTMLParser.swift in Sources */ = {isa = PBXBuildFile; fileRef = 67DB7F8220B15FBA0095AA1E /* HTMLParser.swift */; };
		67DE5A5120B1B862008BE953 /* Boards.swift in Sources */ = {isa = PBXBuildFile; fileRef = 67DE5A5020B1B862008BE953 /* Boards.swift */; };
		67DE5A5320B1D470008BE953 /* BoardTableViewController.swift in Sources */ = {isa = PBXBuildFile; fileRef = 67DE5A5220B1D470008BE953 /* BoardTableViewController.swift */; };
		67DE5A5520B1D4A2008BE953 /* BoardTableCell.swift in Sources */ = {isa = PBXBuildFile; fileRef = 67DE5A5420B1D4A2008BE953 /* BoardTableCell.swift */; };
		67DE5A5920B1DE90008BE953 /* MainViewController.swift in Sources */ = {isa = PBXBuildFile; fileRef = 67DE5A5820B1DE90008BE953 /* MainViewController.swift */; };
		67DF323320B45A2700BF4D02 /* 스크린샷 2018-05-22 오후 10.54.13.png in Resources */ = {isa = PBXBuildFile; fileRef = 67DF323120B45A2600BF4D02 /* 스크린샷 2018-05-22 오후 10.54.13.png */; };
		67DF323420B45A2700BF4D02 /* 스크린샷 2018-05-22 오후 10.30.34.png in Resources */ = {isa = PBXBuildFile; fileRef = 67DF323220B45A2700BF4D02 /* 스크린샷 2018-05-22 오후 10.30.34.png */; };
		67DF323720B45A7300BF4D02 /* 스크린샷 2018-05-22 오후 11.02.12.png in Resources */ = {isa = PBXBuildFile; fileRef = 67DF323620B45A7200BF4D02 /* 스크린샷 2018-05-22 오후 11.02.12.png */; };
		6CFDB400CF498A9D60CE999F /* Pods_SogangAllBoard.framework in Frameworks */ = {isa = PBXBuildFile; fileRef = 44C1BBF2941B170D5D1A154D /* Pods_SogangAllBoard.framework */; };
/* End PBXBuildFile section */

/* Begin PBXFileReference section */
		44C1BBF2941B170D5D1A154D /* Pods_SogangAllBoard.framework */ = {isa = PBXFileReference; explicitFileType = wrapper.framework; includeInIndex = 0; path = Pods_SogangAllBoard.framework; sourceTree = BUILT_PRODUCTS_DIR; };
		67B926BB20B7FE4B007DA238 /* LICENSE */ = {isa = PBXFileReference; fileEncoding = 4; lastKnownFileType = text; path = LICENSE; sourceTree = "<group>"; };
		67DB7F6520B156430095AA1E /* SogangAllBoard.app */ = {isa = PBXFileReference; explicitFileType = wrapper.application; includeInIndex = 0; path = SogangAllBoard.app; sourceTree = BUILT_PRODUCTS_DIR; };
		67DB7F6820B156430095AA1E /* AppDelegate.swift */ = {isa = PBXFileReference; lastKnownFileType = sourcecode.swift; path = AppDelegate.swift; sourceTree = "<group>"; };
		67DB7F6D20B156430095AA1E /* Base */ = {isa = PBXFileReference; lastKnownFileType = file.storyboard; name = Base; path = Base.lproj/Main.storyboard; sourceTree = "<group>"; };
		67DB7F6F20B156440095AA1E /* Assets.xcassets */ = {isa = PBXFileReference; lastKnownFileType = folder.assetcatalog; path = Assets.xcassets; sourceTree = "<group>"; };
		67DB7F7220B156440095AA1E /* Base */ = {isa = PBXFileReference; lastKnownFileType = file.storyboard; name = Base; path = Base.lproj/LaunchScreen.storyboard; sourceTree = "<group>"; };
		67DB7F7420B156440095AA1E /* Info.plist */ = {isa = PBXFileReference; lastKnownFileType = text.plist.xml; path = Info.plist; sourceTree = "<group>"; };
		67DB7F7B20B156D70095AA1E /* NetManager.swift */ = {isa = PBXFileReference; lastKnownFileType = sourcecode.swift; path = NetManager.swift; sourceTree = "<group>"; };
		67DB7F7D20B158A40095AA1E /* Definition.swift */ = {isa = PBXFileReference; lastKnownFileType = sourcecode.swift; path = Definition.swift; sourceTree = "<group>"; };
		67DB7F8220B15FBA0095AA1E /* HTMLParser.swift */ = {isa = PBXFileReference; lastKnownFileType = sourcecode.swift; path = HTMLParser.swift; sourceTree = "<group>"; };
		67DE5A5020B1B862008BE953 /* Boards.swift */ = {isa = PBXFileReference; lastKnownFileType = sourcecode.swift; path = Boards.swift; sourceTree = "<group>"; };
		67DE5A5220B1D470008BE953 /* BoardTableViewController.swift */ = {isa = PBXFileReference; lastKnownFileType = sourcecode.swift; path = BoardTableViewController.swift; sourceTree = "<group>"; };
		67DE5A5420B1D4A2008BE953 /* BoardTableCell.swift */ = {isa = PBXFileReference; lastKnownFileType = sourcecode.swift; path = BoardTableCell.swift; sourceTree = "<group>"; };
		67DE5A5820B1DE90008BE953 /* MainViewController.swift */ = {isa = PBXFileReference; lastKnownFileType = sourcecode.swift; path = MainViewController.swift; sourceTree = "<group>"; };
		67DF323120B45A2600BF4D02 /* 스크린샷 2018-05-22 오후 10.54.13.png */ = {isa = PBXFileReference; lastKnownFileType = image.png; path = "스크린샷 2018-05-22 오후 10.54.13.png"; sourceTree = "<group>"; };
		67DF323220B45A2700BF4D02 /* 스크린샷 2018-05-22 오후 10.30.34.png */ = {isa = PBXFileReference; lastKnownFileType = image.png; path = "스크린샷 2018-05-22 오후 10.30.34.png"; sourceTree = "<group>"; };
		67DF323620B45A7200BF4D02 /* 스크린샷 2018-05-22 오후 11.02.12.png */ = {isa = PBXFileReference; lastKnownFileType = image.png; path = "스크린샷 2018-05-22 오후 11.02.12.png"; sourceTree = "<group>"; };
		6A70421926BD931EA063F287 /* Pods-SogangAllBoard.debug.xcconfig */ = {isa = PBXFileReference; includeInIndex = 1; lastKnownFileType = text.xcconfig; name = "Pods-SogangAllBoard.debug.xcconfig"; path = "Pods/Target Support Files/Pods-SogangAllBoard/Pods-SogangAllBoard.debug.xcconfig"; sourceTree = "<group>"; };
		FF8118D7E452947BB4C6D6D0 /* Pods-SogangAllBoard.release.xcconfig */ = {isa = PBXFileReference; includeInIndex = 1; lastKnownFileType = text.xcconfig; name = "Pods-SogangAllBoard.release.xcconfig"; path = "Pods/Target Support Files/Pods-SogangAllBoard/Pods-SogangAllBoard.release.xcconfig"; sourceTree = "<group>"; };
/* End PBXFileReference section */

/* Begin PBXFrameworksBuildPhase section */
		67DB7F6220B156430095AA1E /* Frameworks */ = {
			isa = PBXFrameworksBuildPhase;
			buildActionMask = 2147483647;
			files = (
				6CFDB400CF498A9D60CE999F /* Pods_SogangAllBoard.framework in Frameworks */,
			);
			runOnlyForDeploymentPostprocessing = 0;
		};
/* End PBXFrameworksBuildPhase section */

/* Begin PBXGroup section */
		4584928C531EDF8D14CC9418 /* Frameworks */ = {
			isa = PBXGroup;
			children = (
				44C1BBF2941B170D5D1A154D /* Pods_SogangAllBoard.framework */,
			);
			name = Frameworks;
			sourceTree = "<group>";
		};
		67DB7F5C20B156430095AA1E = {
			isa = PBXGroup;
			children = (
				67B926BB20B7FE4B007DA238 /* LICENSE */,
				67DB7F6720B156430095AA1E /* SogangAllBoard */,
				67DB7F6620B156430095AA1E /* Products */,
				DEBEE36781704E7E3AA55F40 /* Pods */,
				4584928C531EDF8D14CC9418 /* Frameworks */,
			);
			sourceTree = "<group>";
		};
		67DB7F6620B156430095AA1E /* Products */ = {
			isa = PBXGroup;
			children = (
				67DB7F6520B156430095AA1E /* SogangAllBoard.app */,
			);
			name = Products;
			sourceTree = "<group>";
		};
		67DB7F6720B156430095AA1E /* SogangAllBoard */ = {
			isa = PBXGroup;
			children = (
				67DF323520B45A2D00BF4D02 /* images */,
				67DB7F8120B15F800095AA1E /* Definition&Extension */,
				67DB7F8020B15F5F0095AA1E /* ViewControllers */,
				67DB7F7F20B15F1A0095AA1E /* main */,
				67DB7F7A20B156C20095AA1E /* Manager */,
				67DB7F6F20B156440095AA1E /* Assets.xcassets */,
				67DB7F7420B156440095AA1E /* Info.plist */,
			);
			path = SogangAllBoard;
			sourceTree = "<group>";
		};
		67DB7F7A20B156C20095AA1E /* Manager */ = {
			isa = PBXGroup;
			children = (
				67DB7F7B20B156D70095AA1E /* NetManager.swift */,
				67DB7F8220B15FBA0095AA1E /* HTMLParser.swift */,
				67DE5A5020B1B862008BE953 /* Boards.swift */,
			);
			path = Manager;
			sourceTree = "<group>";
		};
		67DB7F7F20B15F1A0095AA1E /* main */ = {
			isa = PBXGroup;
			children = (
				67DB7F6820B156430095AA1E /* AppDelegate.swift */,
				67DB7F7120B156440095AA1E /* LaunchScreen.storyboard */,
				67DB7F6C20B156430095AA1E /* Main.storyboard */,
			);
			path = main;
			sourceTree = "<group>";
		};
		67DB7F8020B15F5F0095AA1E /* ViewControllers */ = {
			isa = PBXGroup;
			children = (
				67DE5A5220B1D470008BE953 /* BoardTableViewController.swift */,
				67DE5A5420B1D4A2008BE953 /* BoardTableCell.swift */,
				67DE5A5820B1DE90008BE953 /* MainViewController.swift */,
			);
			path = ViewControllers;
			sourceTree = "<group>";
		};
		67DB7F8120B15F800095AA1E /* Definition&Extension */ = {
			isa = PBXGroup;
			children = (
				67DB7F7D20B158A40095AA1E /* Definition.swift */,
			);
			path = "Definition&Extension";
			sourceTree = "<group>";
		};
		67DF323520B45A2D00BF4D02 /* images */ = {
			isa = PBXGroup;
			children = (
				67DF323220B45A2700BF4D02 /* 스크린샷 2018-05-22 오후 10.30.34.png */,
				67DF323120B45A2600BF4D02 /* 스크린샷 2018-05-22 오후 10.54.13.png */,
				67DF323620B45A7200BF4D02 /* 스크린샷 2018-05-22 오후 11.02.12.png */,
			);
			path = images;
			sourceTree = "<group>";
		};
		DEBEE36781704E7E3AA55F40 /* Pods */ = {
			isa = PBXGroup;
			children = (
				6A70421926BD931EA063F287 /* Pods-SogangAllBoard.debug.xcconfig */,
				FF8118D7E452947BB4C6D6D0 /* Pods-SogangAllBoard.release.xcconfig */,
			);
			name = Pods;
			sourceTree = "<group>";
		};
/* End PBXGroup section */

/* Begin PBXNativeTarget section */
		67DB7F6420B156430095AA1E /* SogangAllBoard */ = {
			isa = PBXNativeTarget;
			buildConfigurationList = 67DB7F7720B156440095AA1E /* Build configuration list for PBXNativeTarget "SogangAllBoard" */;
			buildPhases = (
				053C5A6B6C7E1492FB48B02D /* [CP] Check Pods Manifest.lock */,
				67DB7F6120B156430095AA1E /* Sources */,
				67DB7F6220B156430095AA1E /* Frameworks */,
				67DB7F6320B156430095AA1E /* Resources */,
				F04318F9378DFD06663C9537 /* [CP] Embed Pods Frameworks */,
				796BAFE698D590786BA63FF9 /* [CP] Copy Pods Resources */,
			);
			buildRules = (
			);
			dependencies = (
			);
			name = SogangAllBoard;
			productName = SogangAllBoard;
			productReference = 67DB7F6520B156430095AA1E /* SogangAllBoard.app */;
			productType = "com.apple.product-type.application";
		};
/* End PBXNativeTarget section */

/* Begin PBXProject section */
		67DB7F5D20B156430095AA1E /* Project object */ = {
			isa = PBXProject;
			attributes = {
				LastSwiftUpdateCheck = 0930;
				LastUpgradeCheck = 0930;
				ORGANIZATIONNAME = "정기웅";
				TargetAttributes = {
					67DB7F6420B156430095AA1E = {
						CreatedOnToolsVersion = 9.3;
					};
				};
			};
			buildConfigurationList = 67DB7F6020B156430095AA1E /* Build configuration list for PBXProject "SogangAllBoard" */;
			compatibilityVersion = "Xcode 9.3";
			developmentRegion = en;
			hasScannedForEncodings = 0;
			knownRegions = (
				en,
				Base,
			);
			mainGroup = 67DB7F5C20B156430095AA1E;
			productRefGroup = 67DB7F6620B156430095AA1E /* Products */;
			projectDirPath = "";
			projectRoot = "";
			targets = (
				67DB7F6420B156430095AA1E /* SogangAllBoard */,
			);
		};
/* End PBXProject section */

/* Begin PBXResourcesBuildPhase section */
		67DB7F6320B156430095AA1E /* Resources */ = {
			isa = PBXResourcesBuildPhase;
			buildActionMask = 2147483647;
			files = (
				67DF323720B45A7300BF4D02 /* 스크린샷 2018-05-22 오후 11.02.12.png in Resources */,
				67DF323420B45A2700BF4D02 /* 스크린샷 2018-05-22 오후 10.30.34.png in Resources */,
				67DB7F7320B156440095AA1E /* LaunchScreen.storyboard in Resources */,
				67B926BC20B7FE4B007DA238 /* LICENSE in Resources */,
				67DB7F7020B156440095AA1E /* Assets.xcassets in Resources */,
				67DB7F6E20B156430095AA1E /* Main.storyboard in Resources */,
				67DF323320B45A2700BF4D02 /* 스크린샷 2018-05-22 오후 10.54.13.png in Resources */,
			);
			runOnlyForDeploymentPostprocessing = 0;
		};
/* End PBXResourcesBuildPhase section */

/* Begin PBXShellScriptBuildPhase section */
		053C5A6B6C7E1492FB48B02D /* [CP] Check Pods Manifest.lock */ = {
			isa = PBXShellScriptBuildPhase;
			buildActionMask = 2147483647;
			files = (
			);
			inputPaths = (
				"${PODS_PODFILE_DIR_PATH}/Podfile.lock",
				"${PODS_ROOT}/Manifest.lock",
			);
			name = "[CP] Check Pods Manifest.lock";
			outputPaths = (
				"$(DERIVED_FILE_DIR)/Pods-SogangAllBoard-checkManifestLockResult.txt",
			);
			runOnlyForDeploymentPostprocessing = 0;
			shellPath = /bin/sh;
			shellScript = "diff \"${PODS_PODFILE_DIR_PATH}/Podfile.lock\" \"${PODS_ROOT}/Manifest.lock\" > /dev/null\nif [ $? != 0 ] ; then\n    # print error to STDERR\n    echo \"error: The sandbox is not in sync with the Podfile.lock. Run 'pod install' or update your CocoaPods installation.\" >&2\n    exit 1\nfi\n# This output is used by Xcode 'outputs' to avoid re-running this script phase.\necho \"SUCCESS\" > \"${SCRIPT_OUTPUT_FILE_0}\"\n";
			showEnvVarsInLog = 0;
		};
		796BAFE698D590786BA63FF9 /* [CP] Copy Pods Resources */ = {
			isa = PBXShellScriptBuildPhase;
			buildActionMask = 2147483647;
			files = (
			);
			inputPaths = (
			);
			name = "[CP] Copy Pods Resources";
			outputPaths = (
			);
			runOnlyForDeploymentPostprocessing = 0;
			shellPath = /bin/sh;
			shellScript = "\"${SRCROOT}/Pods/Target Support Files/Pods-SogangAllBoard/Pods-SogangAllBoard-resources.sh\"\n";
			showEnvVarsInLog = 0;
		};
		F04318F9378DFD06663C9537 /* [CP] Embed Pods Frameworks */ = {
			isa = PBXShellScriptBuildPhase;
			buildActionMask = 2147483647;
			files = (
			);
			inputPaths = (
				"${SRCROOT}/Pods/Target Support Files/Pods-SogangAllBoard/Pods-SogangAllBoard-frameworks.sh",
				"${BUILT_PRODUCTS_DIR}/Alamofire/Alamofire.framework",
				"${BUILT_PRODUCTS_DIR}/SwiftSoup/SwiftSoup.framework",
				"${BUILT_PRODUCTS_DIR}/SwiftyJSON/SwiftyJSON.framework",
			);
			name = "[CP] Embed Pods Frameworks";
			outputPaths = (
				"${TARGET_BUILD_DIR}/${FRAMEWORKS_FOLDER_PATH}/Alamofire.framework",
				"${TARGET_BUILD_DIR}/${FRAMEWORKS_FOLDER_PATH}/SwiftSoup.framework",
				"${TARGET_BUILD_DIR}/${FRAMEWORKS_FOLDER_PATH}/SwiftyJSON.framework",
			);
			runOnlyForDeploymentPostprocessing = 0;
			shellPath = /bin/sh;
			shellScript = "\"${SRCROOT}/Pods/Target Support Files/Pods-SogangAllBoard/Pods-SogangAllBoard-frameworks.sh\"\n";
			showEnvVarsInLog = 0;
		};
/* End PBXShellScriptBuildPhase section */

/* Begin PBXSourcesBuildPhase section */
		67DB7F6120B156430095AA1E /* Sources */ = {
			isa = PBXSourcesBuildPhase;
			buildActionMask = 2147483647;
			files = (
				67DB7F7E20B158A40095AA1E /* Definition.swift in Sources */,
				67DB7F8320B15FBA0095AA1E /* HTMLParser.swift in Sources */,
				67DE5A5120B1B862008BE953 /* Boards.swift in Sources */,
				67DB7F7C20B156D70095AA1E /* NetManager.swift in Sources */,
				67DB7F6920B156430095AA1E /* AppDelegate.swift in Sources */,
				67DE5A5320B1D470008BE953 /* BoardTableViewController.swift in Sources */,
				67DE5A5520B1D4A2008BE953 /* BoardTableCell.swift in Sources */,
				67DE5A5920B1DE90008BE953 /* MainViewController.swift in Sources */,
			);
			runOnlyForDeploymentPostprocessing = 0;
		};
/* End PBXSourcesBuildPhase section */

/* Begin PBXVariantGroup section */
		67DB7F6C20B156430095AA1E /* Main.storyboard */ = {
			isa = PBXVariantGroup;
			children = (
				67DB7F6D20B156430095AA1E /* Base */,
			);
			name = Main.storyboard;
			sourceTree = "<group>";
		};
		67DB7F7120B156440095AA1E /* LaunchScreen.storyboard */ = {
			isa = PBXVariantGroup;
			children = (
				67DB7F7220B156440095AA1E /* Base */,
			);
			name = LaunchScreen.storyboard;
			sourceTree = "<group>";
		};
/* End PBXVariantGroup section */

/* Begin XCBuildConfiguration section */
		67DB7F7520B156440095AA1E /* Debug */ = {
			isa = XCBuildConfiguration;
			buildSettings = {
				ALWAYS_SEARCH_USER_PATHS = NO;
				CLANG_ANALYZER_NONNULL = YES;
				CLANG_ANALYZER_NUMBER_OBJECT_CONVERSION = YES_AGGRESSIVE;
				CLANG_CXX_LANGUAGE_STANDARD = "gnu++14";
				CLANG_CXX_LIBRARY = "libc++";
				CLANG_ENABLE_MODULES = YES;
				CLANG_ENABLE_OBJC_ARC = YES;
				CLANG_ENABLE_OBJC_WEAK = YES;
				CLANG_WARN_BLOCK_CAPTURE_AUTORELEASING = YES;
				CLANG_WARN_BOOL_CONVERSION = YES;
				CLANG_WARN_COMMA = YES;
				CLANG_WARN_CONSTANT_CONVERSION = YES;
				CLANG_WARN_DEPRECATED_OBJC_IMPLEMENTATIONS = YES;
				CLANG_WARN_DIRECT_OBJC_ISA_USAGE = YES_ERROR;
				CLANG_WARN_DOCUMENTATION_COMMENTS = YES;
				CLANG_WARN_EMPTY_BODY = YES;
				CLANG_WARN_ENUM_CONVERSION = YES;
				CLANG_WARN_INFINITE_RECURSION = YES;
				CLANG_WARN_INT_CONVERSION = YES;
				CLANG_WARN_NON_LITERAL_NULL_CONVERSION = YES;
				CLANG_WARN_OBJC_IMPLICIT_RETAIN_SELF = YES;
				CLANG_WARN_OBJC_LITERAL_CONVERSION = YES;
				CLANG_WARN_OBJC_ROOT_CLASS = YES_ERROR;
				CLANG_WARN_RANGE_LOOP_ANALYSIS = YES;
				CLANG_WARN_STRICT_PROTOTYPES = YES;
				CLANG_WARN_SUSPICIOUS_MOVE = YES;
				CLANG_WARN_UNGUARDED_AVAILABILITY = YES_AGGRESSIVE;
				CLANG_WARN_UNREACHABLE_CODE = YES;
				CLANG_WARN__DUPLICATE_METHOD_MATCH = YES;
				CODE_SIGN_IDENTITY = "iPhone Developer";
				COPY_PHASE_STRIP = NO;
				DEBUG_INFORMATION_FORMAT = dwarf;
				ENABLE_STRICT_OBJC_MSGSEND = YES;
				ENABLE_TESTABILITY = YES;
				GCC_C_LANGUAGE_STANDARD = gnu11;
				GCC_DYNAMIC_NO_PIC = NO;
				GCC_NO_COMMON_BLOCKS = YES;
				GCC_OPTIMIZATION_LEVEL = 0;
				GCC_PREPROCESSOR_DEFINITIONS = (
					"DEBUG=1",
					"$(inherited)",
				);
				GCC_WARN_64_TO_32_BIT_CONVERSION = YES;
				GCC_WARN_ABOUT_RETURN_TYPE = YES_ERROR;
				GCC_WARN_UNDECLARED_SELECTOR = YES;
				GCC_WARN_UNINITIALIZED_AUTOS = YES_AGGRESSIVE;
				GCC_WARN_UNUSED_FUNCTION = YES;
				GCC_WARN_UNUSED_VARIABLE = YES;
				IPHONEOS_DEPLOYMENT_TARGET = 11.3;
				MTL_ENABLE_DEBUG_INFO = YES;
				ONLY_ACTIVE_ARCH = YES;
				SDKROOT = iphoneos;
				SWIFT_ACTIVE_COMPILATION_CONDITIONS = DEBUG;
				SWIFT_OPTIMIZATION_LEVEL = "-Onone";
			};
			name = Debug;
		};
		67DB7F7620B156440095AA1E /* Release */ = {
			isa = XCBuildConfiguration;
			buildSettings = {
				ALWAYS_SEARCH_USER_PATHS = NO;
				CLANG_ANALYZER_NONNULL = YES;
				CLANG_ANALYZER_NUMBER_OBJECT_CONVERSION = YES_AGGRESSIVE;
				CLANG_CXX_LANGUAGE_STANDARD = "gnu++14";
				CLANG_CXX_LIBRARY = "libc++";
				CLANG_ENABLE_MODULES = YES;
				CLANG_ENABLE_OBJC_ARC = YES;
				CLANG_ENABLE_OBJC_WEAK = YES;
				CLANG_WARN_BLOCK_CAPTURE_AUTORELEASING = YES;
				CLANG_WARN_BOOL_CONVERSION = YES;
				CLANG_WARN_COMMA = YES;
				CLANG_WARN_CONSTANT_CONVERSION = YES;
				CLANG_WARN_DEPRECATED_OBJC_IMPLEMENTATIONS = YES;
				CLANG_WARN_DIRECT_OBJC_ISA_USAGE = YES_ERROR;
				CLANG_WARN_DOCUMENTATION_COMMENTS = YES;
				CLANG_WARN_EMPTY_BODY = YES;
				CLANG_WARN_ENUM_CONVERSION = YES;
				CLANG_WARN_INFINITE_RECURSION = YES;
				CLANG_WARN_INT_CONVERSION = YES;
				CLANG_WARN_NON_LITERAL_NULL_CONVERSION = YES;
				CLANG_WARN_OBJC_IMPLICIT_RETAIN_SELF = YES;
				CLANG_WARN_OBJC_LITERAL_CONVERSION = YES;
				CLANG_WARN_OBJC_ROOT_CLASS = YES_ERROR;
				CLANG_WARN_RANGE_LOOP_ANALYSIS = YES;
				CLANG_WARN_STRICT_PROTOTYPES = YES;
				CLANG_WARN_SUSPICIOUS_MOVE = YES;
				CLANG_WARN_UNGUARDED_AVAILABILITY = YES_AGGRESSIVE;
				CLANG_WARN_UNREACHABLE_CODE = YES;
				CLANG_WARN__DUPLICATE_METHOD_MATCH = YES;
				CODE_SIGN_IDENTITY = "iPhone Developer";
				COPY_PHASE_STRIP = NO;
				DEBUG_INFORMATION_FORMAT = "dwarf-with-dsym";
				ENABLE_NS_ASSERTIONS = NO;
				ENABLE_STRICT_OBJC_MSGSEND = YES;
				GCC_C_LANGUAGE_STANDARD = gnu11;
				GCC_NO_COMMON_BLOCKS = YES;
				GCC_WARN_64_TO_32_BIT_CONVERSION = YES;
				GCC_WARN_ABOUT_RETURN_TYPE = YES_ERROR;
				GCC_WARN_UNDECLARED_SELECTOR = YES;
				GCC_WARN_UNINITIALIZED_AUTOS = YES_AGGRESSIVE;
				GCC_WARN_UNUSED_FUNCTION = YES;
				GCC_WARN_UNUSED_VARIABLE = YES;
				IPHONEOS_DEPLOYMENT_TARGET = 11.3;
				MTL_ENABLE_DEBUG_INFO = NO;
				SDKROOT = iphoneos;
				SWIFT_COMPILATION_MODE = wholemodule;
				SWIFT_OPTIMIZATION_LEVEL = "-O";
				VALIDATE_PRODUCT = YES;
			};
			name = Release;
		};
		67DB7F7820B156440095AA1E /* Debug */ = {
			isa = XCBuildConfiguration;
			baseConfigurationReference = 6A70421926BD931EA063F287 /* Pods-SogangAllBoard.debug.xcconfig */;
			buildSettings = {
				ASSETCATALOG_COMPILER_APPICON_NAME = AppIcon;
				CODE_SIGN_STYLE = Automatic;
				DEVELOPMENT_TEAM = VG64MCHQ4X;
				INFOPLIST_FILE = SogangAllBoard/Info.plist;
				LD_RUNPATH_SEARCH_PATHS = (
					"$(inherited)",
					"@executable_path/Frameworks",
				);
				PRODUCT_BUNDLE_IDENTIFIER = JKU.SogangAllBoard;
				PRODUCT_NAME = "$(TARGET_NAME)";
				SWIFT_VERSION = 4.0;
				TARGETED_DEVICE_FAMILY = "1,2";
			};
			name = Debug;
		};
		67DB7F7920B156440095AA1E /* Release */ = {
			isa = XCBuildConfiguration;
			baseConfigurationReference = FF8118D7E452947BB4C6D6D0 /* Pods-SogangAllBoard.release.xcconfig */;
			buildSettings = {
				ASSETCATALOG_COMPILER_APPICON_NAME = AppIcon;
				CODE_SIGN_STYLE = Automatic;
				DEVELOPMENT_TEAM = VG64MCHQ4X;
				INFOPLIST_FILE = SogangAllBoard/Info.plist;
				LD_RUNPATH_SEARCH_PATHS = (
					"$(inherited)",
					"@executable_path/Frameworks",
				);
				PRODUCT_BUNDLE_IDENTIFIER = JKU.SogangAllBoard;
				PRODUCT_NAME = "$(TARGET_NAME)";
				SWIFT_VERSION = 4.0;
				TARGETED_DEVICE_FAMILY = "1,2";
			};
			name = Release;
		};
/* End XCBuildConfiguration section */

/* Begin XCConfigurationList section */
		67DB7F6020B156430095AA1E /* Build configuration list for PBXProject "SogangAllBoard" */ = {
			isa = XCConfigurationList;
			buildConfigurations = (
				67DB7F7520B156440095AA1E /* Debug */,
				67DB7F7620B156440095AA1E /* Release */,
			);
			defaultConfigurationIsVisible = 0;
			defaultConfigurationName = Release;
		};
		67DB7F7720B156440095AA1E /* Build configuration list for PBXNativeTarget "SogangAllBoard" */ = {
			isa = XCConfigurationList;
			buildConfigurations = (
				67DB7F7820B156440095AA1E /* Debug */,
				67DB7F7920B156440095AA1E /* Release */,
			);
			defaultConfigurationIsVisible = 0;
			defaultConfigurationName = Release;
		};
/* End XCConfigurationList section */
	};
	rootObject = 67DB7F5D20B156430095AA1E /* Project object */;
}
